PODS:
  - fishhook (0.2)
  - Kiwi (2.4.0)
  - swizzleCfunction (0.1.0):
    - fishhook (~> 0.2)

DEPENDENCIES:
  - Kiwi
  - swizzleCfunction (from `../`)

EXTERNAL SOURCES:
  swizzleCfunction:
    :path: "../"

SPEC CHECKSUMS:
  fishhook: ea19933abfe8f2f52c55fd8b6e2718467d3ebc89
  Kiwi: f49c9d54b28917df5928fe44968a39ed198cb8a8
  swizzleCfunction: 32cc8ad6cc7cf19e7904ba1a00b9759b2fa69a20

PODFILE CHECKSUM: 235b8a74c2e34301c75970cb53cec700730d8a25

COCOAPODS: 1.0.0.beta.2
